
Microsoft Visual Studio Solution File, Format Version 12.00
# Visual Studio Version 16
VisualStudioVersion = 16.0.30011.22
MinimumVisualStudioVersion = 10.0.40219.1
Project("{FAE04EC0-301F-11D3-BF4B-00C04F79EFBC}") = "KXStarlinkMobile.Android", "KXStarlinkMobile\KXStarlinkMobile.Android\KXStarlinkMobile.Android.csproj", "{E35FB4D9-7EC6-4ECF-A695-98E3BAAC0A29}"
EndProject
Project("{FAE04EC0-301F-11D3-BF4B-00C04F79EFBC}") = "KXStarlinkMobile", "KXStarlinkMobile\KXStarlinkMobile\KXStarlinkMobile.csproj", "{B0224376-B5CD-447E-B72B-F291E731310C}"
EndProject
Global
	GlobalSection(SolutionConfigurationPlatforms) = preSolution
		Debug|Any CPU = Debug|Any CPU
		Release|Any CPU = Release|Any CPU
	EndGlobalSection
	GlobalSection(ProjectConfigurationPlatforms) = postSolution
		{E35FB4D9-7EC6-4ECF-A695-98E3BAAC0A29}.Debug|Any CPU.ActiveCfg = Debug|Any CPU
		{E35FB4D9-7EC6-4ECF-A695-98E3BAAC0A29}.Debug|Any CPU.Build.0 = Debug|Any CPU
		{E35FB4D9-7EC6-4ECF-A695-98E3BAAC0A29}.Debug|Any CPU.Deploy.0 = Debug|Any CPU
		{E35FB4D9-7EC6-4ECF-A695-98E3BAAC0A29}.Release|Any CPU.ActiveCfg = Release|Any CPU
		{E35FB4D9-7EC6-4ECF-A695-98E3BAAC0A29}.Release|Any CPU.Build.0 = Release|Any CPU
		{E35FB4D9-7EC6-4ECF-A695-98E3BAAC0A29}.Release|Any CPU.Deploy.0 = Release|Any CPU
		{B0224376-B5CD-447E-B72B-F291E731310C}.Debug|Any CPU.ActiveCfg = Debug|Any CPU
		{B0224376-B5CD-447E-B72B-F291E731310C}.Debug|Any CPU.Build.0 = Debug|Any CPU
		{B0224376-B5CD-447E-B72B-F291E731310C}.Debug|Any CPU.Deploy.0 = Debug|Any CPU
		{B0224376-B5CD-447E-B72B-F291E731310C}.Release|Any CPU.ActiveCfg = Release|Any CPU
		{B0224376-B5CD-447E-B72B-F291E731310C}.Release|Any CPU.Build.0 = Release|Any CPU
		{B0224376-B5CD-447E-B72B-F291E731310C}.Release|Any CPU.Deploy.0 = Release|Any CPU
	EndGlobalSection
	GlobalSection(SolutionProperties) = preSolution
		HideSolutionNode = FALSE
	EndGlobalSection
	GlobalSection(ExtensibilityGlobals) = postSolution
		SolutionGuid = {5044C526-6ADE-4DA9-81CB-131ECCBDD586}
	EndGlobalSection
EndGlobal
